{
    "_readme": [
        "This file locks the dependencies of your project to a known state",
        "Read more about it at https://getcomposer.org/doc/01-basic-usage.md#installing-dependencies",
        "This file is @generated automatically"
    ],
    "content-hash": "ba8e4e607ad0239a66cec009f7ad12fa",
    "packages": [
        {
            "name": "carica/phpcss",
            "version": "2.0.0",
            "source": {
                "type": "git",
                "url": "https://github.com/ThomasWeinert/PhpCss.git",
                "reference": "944cdd0cf21655ceb1bd3262dee9b33602020c09"
            },
            "dist": {
                "type": "zip",
                "url": "https://api.github.com/repos/ThomasWeinert/PhpCss/zipball/944cdd0cf21655ceb1bd3262dee9b33602020c09",
                "reference": "944cdd0cf21655ceb1bd3262dee9b33602020c09",
                "shasum": ""
            },
            "require": {
                "php": ">=7.2"
            },
            "type": "library",
            "autoload": {
                "psr-4": {
                    "PhpCss\\": "src/PhpCss"
                },
                "files": [
                    "src/PhpCss.php"
                ]
            },
            "notification-url": "https://packagist.org/downloads/",
            "license": [
                "MIT"
            ],
            "authors": [
                {
                    "name": "Thomas Weinert",
                    "email": "thomas@weinert.info"
                }
            ],
            "description": "An css selector parser and converter",
            "support": {
                "issues": "https://github.com/ThomasWeinert/PhpCss/issues",
                "source": "https://github.com/ThomasWeinert/PhpCss/tree/2.0.0"
            },
            "time": "2021-04-25T14:14:13+00:00"
        },
        {
            "name": "fluentdom/fluentdom",
            "version": "8.0.0",
            "source": {
                "type": "git",
                "url": "https://github.com/ThomasWeinert/FluentDOM.git",
                "reference": "22ee56352bb5fd0bc41ccf7906780aabc2bccf33"
            },
            "dist": {
                "type": "zip",
                "url": "https://api.github.com/repos/ThomasWeinert/FluentDOM/zipball/22ee56352bb5fd0bc41ccf7906780aabc2bccf33",
                "reference": "22ee56352bb5fd0bc41ccf7906780aabc2bccf33",
                "shasum": ""
            },
            "require": {
                "ext-dom": "*",
                "ext-libxml": "*",
                "php": "~7.2 || ~8.0"
            },
            "require-dev": {
                "ext-simplexml": "*",
                "ext-xmlreader": "*",
                "ext-xmlwriter": "*"
            },
            "suggest": {
                "ext-json": "JSON support, needed for several loaders/serializers",
                "ext-xmlreader": "XMLReader, XML pull parser, read large XMLs",
                "ext-xmlwriter": "XMLWriter, Write large XMLs",
                "fluentdom/css-selector": "Allows to use css selectors."
            },
            "type": "library",
            "autoload": {
                "files": [
                    "src/FluentDOM.php"
                ],
                "psr-4": {
                    "FluentDOM\\": "src/FluentDOM"
                }
            },
            "notification-url": "https://packagist.org/downloads/",
            "license": [
                "MIT"
            ],
            "authors": [
                {
                    "name": "FluentDOM Contributors",
                    "homepage": "https://github.com/FluentDOM/FluentDOM/contributors"
                }
            ],
            "description": "A fluent api for the php dom extension.",
            "homepage": "http://fluentdom.org",
            "keywords": [
                "XMLReader",
                "XMLWriter",
                "Xpath",
                "dom",
                "jquery",
                "xml"
            ],
            "support": {
                "issues": "https://github.com/ThomasWeinert/FluentDOM/issues",
                "source": "https://github.com/ThomasWeinert/FluentDOM/tree/8.0.0"
            },
            "time": "2021-04-18T18:12:11+00:00"
        },
        {
            "name": "fluentdom/html5",
            "version": "2.0.0",
            "source": {
                "type": "git",
                "url": "https://github.com/ThomasWeinert/FluentDOM-HTML5.git",
                "reference": "4258853db710a14eec43f586b16020319f6eb66f"
            },
            "dist": {
                "type": "zip",
                "url": "https://api.github.com/repos/ThomasWeinert/FluentDOM-HTML5/zipball/4258853db710a14eec43f586b16020319f6eb66f",
                "reference": "4258853db710a14eec43f586b16020319f6eb66f",
                "shasum": ""
            },
            "require": {
                "ext-dom": "*",
                "fluentdom/fluentdom": "^8.0.0",
                "masterminds/html5": "^2.7.0",
                "php": ">=7.2"
            },
            "require-dev": {
                "fluentdom/selectors-phpcss": "^2.0"
            },
            "type": "library",
            "autoload": {
                "files": [
                    "src/plugin.php"
                ],
                "psr-4": {
                    "FluentDOM\\HTML5\\": "src/"
                }
            },
            "notification-url": "https://packagist.org/downloads/",
            "license": [
                "MIT"
            ],
            "authors": [
                {
                    "name": "FluentDOM Contributors",
                    "homepage": "https://github.com/FluentDOM/FluentDOM/contributors"
                }
            ],
            "description": "HTML5 support for FluentDOM",
            "homepage": "http://fluentdom.org",
            "keywords": [
                "HTML5",
                "dom",
                "fluentdom",
                "xml"
            ],
            "support": {
                "issues": "https://github.com/ThomasWeinert/FluentDOM-HTML5/issues",
                "source": "https://github.com/ThomasWeinert/FluentDOM-HTML5/tree/2.0.0"
            },
            "time": "2021-05-08T14:37:06+00:00"
        },
        {
            "name": "fluentdom/selectors-phpcss",
            "version": "2.0.0",
            "source": {
                "type": "git",
                "url": "https://github.com/ThomasWeinert/FluentDOM-Selectors-PHPCss.git",
                "reference": "e0c49bcaf0fd861e2411bcc72e60c845fa76ba33"
            },
            "dist": {
                "type": "zip",
                "url": "https://api.github.com/repos/ThomasWeinert/FluentDOM-Selectors-PHPCss/zipball/e0c49bcaf0fd861e2411bcc72e60c845fa76ba33",
                "reference": "e0c49bcaf0fd861e2411bcc72e60c845fa76ba33",
                "shasum": ""
            },
            "require": {
                "carica/phpcss": "^2.0.0",
                "fluentdom/fluentdom": "^8.0.0"
            },
            "provide": {
                "fluentdom/css-selector": "1.1.0"
            },
            "type": "library",
            "autoload": {
                "files": [
                    "src/plugin.php"
                ],
                "psr-4": {
                    "FluentDOM\\PhpCss\\": "src/"
                }
            },
            "notification-url": "https://packagist.org/downloads/",
            "license": [
                "MIT"
            ],
            "authors": [
                {
                    "name": "FluentDOM Contributors",
                    "homepage": "https://github.com/FluentDOM/FluentDOM/contributors"
                }
            ],
            "description": "Provides CSS selector for FluentDOM using Carica PHPCss.",
            "homepage": "http://fluentdom.org",
            "keywords": [
                "css",
                "css selectors",
                "dom",
                "jquery",
                "xml"
            ],
            "support": {
                "issues": "https://github.com/ThomasWeinert/FluentDOM-Selectors-PHPCss/issues",
                "source": "https://github.com/ThomasWeinert/FluentDOM-Selectors-PHPCss/tree/2.0.0"
            },
            "time": "2021-04-25T17:34:28+00:00"
        },
        {
            "name": "fluentdom/selectors-symfony",
            "version": "4.0.0",
            "source": {
                "type": "git",
                "url": "https://github.com/ThomasWeinert/FluentDOM-Selectors-Symfony.git",
                "reference": "579b463db3436323e83053c3da7513e1c2dfac52"
            },
            "dist": {
                "type": "zip",
                "url": "https://api.github.com/repos/ThomasWeinert/FluentDOM-Selectors-Symfony/zipball/579b463db3436323e83053c3da7513e1c2dfac52",
                "reference": "579b463db3436323e83053c3da7513e1c2dfac52",
                "shasum": ""
            },
            "require": {
                "fluentdom/fluentdom": "^8.0",
                "php": ">=7.0",
                "symfony/css-selector": "^5.2"
            },
            "provide": {
                "fluentdom/css-selector": "1.1.0"
            },
            "type": "library",
            "autoload": {
                "files": [
                    "src/plugin.php"
                ],
                "psr-4": {
                    "FluentDOM\\Symfony\\CssSelector\\": "src/"
                }
            },
            "notification-url": "https://packagist.org/downloads/",
            "license": [
                "MIT"
            ],
            "authors": [
                {
                    "name": "FluentDOM Contributors",
                    "homepage": "https://github.com/FluentDOM/FluentDOM/contributors"
                }
            ],
            "description": "Provides CSS selector for FluentDOM using Symfony CSS Selectors.",
            "homepage": "http://fluentdom.org",
            "keywords": [
                "css",
                "css selectors",
                "dom",
                "jquery",
                "xml"
            ],
            "support": {
                "issues": "https://github.com/ThomasWeinert/FluentDOM-Selectors-Symfony/issues",
                "source": "https://github.com/ThomasWeinert/FluentDOM-Selectors-Symfony/tree/4.0.0"
            },
            "time": "2021-04-25T17:43:22+00:00"
        },
        {
            "name": "gmostafa/php-graphql-client",
            "version": "v1.10",
            "source": {
                "type": "git",
                "url": "https://github.com/mghoneimy/php-graphql-client.git",
                "reference": "7e2d6615007f6f4415907233d20e576dc0b464a2"
            },
            "dist": {
                "type": "zip",
                "url": "https://api.github.com/repos/mghoneimy/php-graphql-client/zipball/7e2d6615007f6f4415907233d20e576dc0b464a2",
                "reference": "7e2d6615007f6f4415907233d20e576dc0b464a2",
                "shasum": ""
            },
            "require": {
                "ext-json": "*",
                "guzzlehttp/guzzle": "^6.3|^7.0.1",
                "php": "^7.1 || ^8.0",
                "psr/http-client": "^1.0",
                "psr/http-message": "^1.0"
            },
            "require-dev": {
                "codacy/coverage": "^1.4",
                "phpunit/phpunit": "^7.5|^8.0"
            },
            "suggest": {
                "gmostafa/php-graphql-oqm": "To have object-to-query mapping support"
            },
            "type": "library",
            "autoload": {
                "psr-4": {
                    "GraphQL\\": "src/"
                }
            },
            "notification-url": "https://packagist.org/downloads/",
            "license": [
                "MIT"
            ],
            "authors": [
                {
                    "name": "Mostafa Ghoneimy",
                    "email": "emostafagh@gmail.com"
                }
            ],
            "description": "GraphQL client and query builder.",
            "keywords": [
                "builder",
                "client",
                "graph-ql",
                "graphql",
                "php",
                "query",
                "query-builder"
            ],
            "time": "2021-03-22T01:23:33+00:00"
        },
        {
            "name": "guzzlehttp/guzzle",
            "version": "7.3.0",
            "source": {
                "type": "git",
                "url": "https://github.com/guzzle/guzzle.git",
                "reference": "7008573787b430c1c1f650e3722d9bba59967628"
            },
            "dist": {
                "type": "zip",
                "url": "https://api.github.com/repos/guzzle/guzzle/zipball/7008573787b430c1c1f650e3722d9bba59967628",
                "reference": "7008573787b430c1c1f650e3722d9bba59967628",
                "shasum": ""
            },
            "require": {
                "ext-json": "*",
                "guzzlehttp/promises": "^1.4",
                "guzzlehttp/psr7": "^1.7 || ^2.0",
                "php": "^7.2.5 || ^8.0",
                "psr/http-client": "^1.0"
            },
            "provide": {
                "psr/http-client-implementation": "1.0"
            },
            "require-dev": {
                "bamarni/composer-bin-plugin": "^1.4.1",
                "ext-curl": "*",
                "php-http/client-integration-tests": "^3.0",
                "phpunit/phpunit": "^8.5.5 || ^9.3.5",
                "psr/log": "^1.1"
            },
            "suggest": {
                "ext-curl": "Required for CURL handler support",
                "ext-intl": "Required for Internationalized Domain Name (IDN) support",
                "psr/log": "Required for using the Log middleware"
            },
            "type": "library",
            "extra": {
                "branch-alias": {
                    "dev-master": "7.3-dev"
                }
            },
            "autoload": {
                "psr-4": {
                    "GuzzleHttp\\": "src/"
                },
                "files": [
                    "src/functions_include.php"
                ]
            },
            "notification-url": "https://packagist.org/downloads/",
            "license": [
                "MIT"
            ],
            "authors": [
                {
                    "name": "Michael Dowling",
                    "email": "mtdowling@gmail.com",
                    "homepage": "https://github.com/mtdowling"
                },
                {
                    "name": "Márk Sági-Kazár",
                    "email": "mark.sagikazar@gmail.com",
                    "homepage": "https://sagikazarmark.hu"
                }
            ],
            "description": "Guzzle is a PHP HTTP client library",
            "homepage": "http://guzzlephp.org/",
            "keywords": [
                "client",
                "curl",
                "framework",
                "http",
                "http client",
                "psr-18",
                "psr-7",
                "rest",
                "web service"
            ],
            "funding": [
                {
                    "url": "https://github.com/GrahamCampbell",
                    "type": "github"
                },
                {
                    "url": "https://github.com/Nyholm",
                    "type": "github"
                },
                {
                    "url": "https://github.com/alexeyshockov",
                    "type": "github"
                },
                {
                    "url": "https://github.com/gmponos",
                    "type": "github"
                }
            ],
            "time": "2021-03-23T11:33:13+00:00"
        },
        {
            "name": "guzzlehttp/promises",
            "version": "1.4.1",
            "source": {
                "type": "git",
                "url": "https://github.com/guzzle/promises.git",
                "reference": "8e7d04f1f6450fef59366c399cfad4b9383aa30d"
            },
            "dist": {
                "type": "zip",
                "url": "https://api.github.com/repos/guzzle/promises/zipball/8e7d04f1f6450fef59366c399cfad4b9383aa30d",
                "reference": "8e7d04f1f6450fef59366c399cfad4b9383aa30d",
                "shasum": ""
            },
            "require": {
                "php": ">=5.5"
            },
            "require-dev": {
                "symfony/phpunit-bridge": "^4.4 || ^5.1"
            },
            "type": "library",
            "extra": {
                "branch-alias": {
                    "dev-master": "1.4-dev"
                }
            },
            "autoload": {
                "psr-4": {
                    "GuzzleHttp\\Promise\\": "src/"
                },
                "files": [
                    "src/functions_include.php"
                ]
            },
            "notification-url": "https://packagist.org/downloads/",
            "license": [
                "MIT"
            ],
            "authors": [
                {
                    "name": "Michael Dowling",
                    "email": "mtdowling@gmail.com",
                    "homepage": "https://github.com/mtdowling"
                }
            ],
            "description": "Guzzle promises library",
            "keywords": [
                "promise"
            ],
            "time": "2021-03-07T09:25:29+00:00"
        },
        {
            "name": "guzzlehttp/psr7",
            "version": "1.8.2",
            "source": {
                "type": "git",
                "url": "https://github.com/guzzle/psr7.git",
                "reference": "dc960a912984efb74d0a90222870c72c87f10c91"
            },
            "dist": {
                "type": "zip",
                "url": "https://api.github.com/repos/guzzle/psr7/zipball/dc960a912984efb74d0a90222870c72c87f10c91",
                "reference": "dc960a912984efb74d0a90222870c72c87f10c91",
                "shasum": ""
            },
            "require": {
                "php": ">=5.4.0",
                "psr/http-message": "~1.0",
                "ralouphie/getallheaders": "^2.0.5 || ^3.0.0"
            },
            "provide": {
                "psr/http-message-implementation": "1.0"
            },
            "require-dev": {
                "ext-zlib": "*",
                "phpunit/phpunit": "~4.8.36 || ^5.7.27 || ^6.5.14 || ^7.5.20 || ^8.5.8 || ^9.3.10"
            },
            "suggest": {
                "laminas/laminas-httphandlerrunner": "Emit PSR-7 responses"
            },
            "type": "library",
            "extra": {
                "branch-alias": {
                    "dev-master": "1.7-dev"
                }
            },
            "autoload": {
                "psr-4": {
                    "GuzzleHttp\\Psr7\\": "src/"
                },
                "files": [
                    "src/functions_include.php"
                ]
            },
            "notification-url": "https://packagist.org/downloads/",
            "license": [
                "MIT"
            ],
            "authors": [
                {
                    "name": "Michael Dowling",
                    "email": "mtdowling@gmail.com",
                    "homepage": "https://github.com/mtdowling"
                },
                {
                    "name": "Tobias Schultze",
                    "homepage": "https://github.com/Tobion"
                }
            ],
            "description": "PSR-7 message implementation that also provides common utility methods",
            "keywords": [
                "http",
                "message",
                "psr-7",
                "request",
                "response",
                "stream",
                "uri",
                "url"
            ],
            "time": "2021-04-26T09:17:50+00:00"
        },
        {
            "name": "masterminds/html5",
            "version": "2.7.5",
            "source": {
                "type": "git",
                "url": "https://github.com/Masterminds/html5-php.git",
                "reference": "f640ac1bdddff06ea333a920c95bbad8872429ab"
            },
            "dist": {
                "type": "zip",
                "url": "https://api.github.com/repos/Masterminds/html5-php/zipball/f640ac1bdddff06ea333a920c95bbad8872429ab",
                "reference": "f640ac1bdddff06ea333a920c95bbad8872429ab",
                "shasum": ""
            },
            "require": {
                "ext-ctype": "*",
                "ext-dom": "*",
                "ext-libxml": "*",
                "php": ">=5.3.0"
            },
            "require-dev": {
                "phpunit/phpunit": "^4.8.35 || ^5.7.21 || ^6 || ^7"
            },
            "type": "library",
            "extra": {
                "branch-alias": {
                    "dev-master": "2.7-dev"
                }
            },
            "autoload": {
                "psr-4": {
                    "Masterminds\\": "src"
                }
            },
            "notification-url": "https://packagist.org/downloads/",
            "license": [
                "MIT"
            ],
            "authors": [
                {
                    "name": "Matt Butcher",
                    "email": "technosophos@gmail.com"
                },
                {
                    "name": "Matt Farina",
                    "email": "matt@mattfarina.com"
                },
                {
                    "name": "Asmir Mustafic",
                    "email": "goetas@gmail.com"
                }
            ],
            "description": "An HTML5 parser and serializer.",
            "homepage": "http://masterminds.github.io/html5-php",
            "keywords": [
                "HTML5",
                "dom",
                "html",
                "parser",
                "querypath",
                "serializer",
                "xml"
            ],
            "support": {
                "issues": "https://github.com/Masterminds/html5-php/issues",
                "source": "https://github.com/Masterminds/html5-php/tree/2.7.5"
            },
            "time": "2021-07-01T14:25:37+00:00"
        },
        {
            "name": "psr/http-client",
            "version": "1.0.1",
            "source": {
                "type": "git",
                "url": "https://github.com/php-fig/http-client.git",
                "reference": "2dfb5f6c5eff0e91e20e913f8c5452ed95b86621"
            },
            "dist": {
                "type": "zip",
                "url": "https://api.github.com/repos/php-fig/http-client/zipball/2dfb5f6c5eff0e91e20e913f8c5452ed95b86621",
                "reference": "2dfb5f6c5eff0e91e20e913f8c5452ed95b86621",
                "shasum": ""
            },
            "require": {
                "php": "^7.0 || ^8.0",
                "psr/http-message": "^1.0"
            },
            "type": "library",
            "extra": {
                "branch-alias": {
                    "dev-master": "1.0.x-dev"
                }
            },
            "autoload": {
                "psr-4": {
                    "Psr\\Http\\Client\\": "src/"
                }
            },
            "notification-url": "https://packagist.org/downloads/",
            "license": [
                "MIT"
            ],
            "authors": [
                {
                    "name": "PHP-FIG",
                    "homepage": "http://www.php-fig.org/"
                }
            ],
            "description": "Common interface for HTTP clients",
            "homepage": "https://github.com/php-fig/http-client",
            "keywords": [
                "http",
                "http-client",
                "psr",
                "psr-18"
            ],
            "time": "2020-06-29T06:28:15+00:00"
        },
        {
            "name": "psr/http-message",
            "version": "1.0.1",
            "source": {
                "type": "git",
                "url": "https://github.com/php-fig/http-message.git",
                "reference": "f6561bf28d520154e4b0ec72be95418abe6d9363"
            },
            "dist": {
                "type": "zip",
                "url": "https://api.github.com/repos/php-fig/http-message/zipball/f6561bf28d520154e4b0ec72be95418abe6d9363",
                "reference": "f6561bf28d520154e4b0ec72be95418abe6d9363",
                "shasum": ""
            },
            "require": {
                "php": ">=5.3.0"
            },
            "type": "library",
            "extra": {
                "branch-alias": {
                    "dev-master": "1.0.x-dev"
                }
            },
            "autoload": {
                "psr-4": {
                    "Psr\\Http\\Message\\": "src/"
                }
            },
            "notification-url": "https://packagist.org/downloads/",
            "license": [
                "MIT"
            ],
            "authors": [
                {
                    "name": "PHP-FIG",
                    "homepage": "http://www.php-fig.org/"
                }
            ],
            "description": "Common interface for HTTP messages",
            "homepage": "https://github.com/php-fig/http-message",
            "keywords": [
                "http",
                "http-message",
                "psr",
                "psr-7",
                "request",
                "response"
            ],
            "time": "2016-08-06T14:39:51+00:00"
        },
        {
            "name": "ralouphie/getallheaders",
            "version": "3.0.3",
            "source": {
                "type": "git",
                "url": "https://github.com/ralouphie/getallheaders.git",
                "reference": "120b605dfeb996808c31b6477290a714d356e822"
            },
            "dist": {
                "type": "zip",
                "url": "https://api.github.com/repos/ralouphie/getallheaders/zipball/120b605dfeb996808c31b6477290a714d356e822",
                "reference": "120b605dfeb996808c31b6477290a714d356e822",
                "shasum": ""
            },
            "require": {
                "php": ">=5.6"
            },
            "require-dev": {
                "php-coveralls/php-coveralls": "^2.1",
                "phpunit/phpunit": "^5 || ^6.5"
            },
            "type": "library",
            "autoload": {
                "files": [
                    "src/getallheaders.php"
                ]
            },
            "notification-url": "https://packagist.org/downloads/",
            "license": [
                "MIT"
            ],
            "authors": [
                {
                    "name": "Ralph Khattar",
                    "email": "ralph.khattar@gmail.com"
                }
            ],
            "description": "A polyfill for getallheaders.",
            "time": "2019-03-08T08:55:37+00:00"
        },
        {
            "name": "seravo/wp-custom-bulk-actions",
            "version": "0.1.4",
            "source": {
                "type": "git",
                "url": "https://github.com/Seravo/wp-custom-bulk-actions.git",
                "reference": "b31da03919186b1065616743a54995b7e4f29d4a"
            },
            "dist": {
                "type": "zip",
                "url": "https://api.github.com/repos/Seravo/wp-custom-bulk-actions/zipball/b31da03919186b1065616743a54995b7e4f29d4a",
                "reference": "b31da03919186b1065616743a54995b7e4f29d4a",
                "shasum": ""
            },
            "type": "wordpress-plugin",
            "notification-url": "https://packagist.org/downloads/",
            "license": [
                "GPLv3"
            ],
            "authors": [
                {
                    "name": "Onni Hakala",
                    "email": "onni@seravo.fi",
                    "homepage": "https://github.com/onnimonni"
                }
            ],
            "description": "Custom bulk actions for any type of posts in WordPress.",
            "homepage": "https://github.com/Seravo/wp-custom-bulk-actions",
            "keywords": [
                "bulk action",
                "custom",
                "posts",
                "wordpress"
            ],
            "support": {
                "issues": "https://github.com/Seravo/wp-custom-bulk-actions/issues",
                "source": "https://github.com/Seravo/wp-custom-bulk-actions/tree/master"
            },
            "time": "2018-04-01T20:16:31+00:00"
        },
        {
            "name": "symfony/css-selector",
            "version": "v5.3.4",
            "source": {
                "type": "git",
                "url": "https://github.com/symfony/css-selector.git",
                "reference": "7fb120adc7f600a59027775b224c13a33530dd90"
            },
            "dist": {
                "type": "zip",
                "url": "https://api.github.com/repos/symfony/css-selector/zipball/7fb120adc7f600a59027775b224c13a33530dd90",
                "reference": "7fb120adc7f600a59027775b224c13a33530dd90",
                "shasum": ""
            },
            "require": {
                "php": ">=7.2.5",
                "symfony/polyfill-php80": "^1.16"
            },
            "type": "library",
            "autoload": {
                "psr-4": {
                    "Symfony\\Component\\CssSelector\\": ""
                },
                "exclude-from-classmap": [
                    "/Tests/"
                ]
            },
            "notification-url": "https://packagist.org/downloads/",
            "license": [
                "MIT"
            ],
            "authors": [
                {
                    "name": "Fabien Potencier",
                    "email": "fabien@symfony.com"
                },
                {
                    "name": "Jean-François Simon",
                    "email": "jeanfrancois.simon@sensiolabs.com"
                },
                {
                    "name": "Symfony Community",
                    "homepage": "https://symfony.com/contributors"
                }
            ],
            "description": "Converts CSS selectors to XPath expressions",
            "homepage": "https://symfony.com",
            "support": {
                "source": "https://github.com/symfony/css-selector/tree/v5.3.4"
            },
            "funding": [
                {
                    "url": "https://symfony.com/sponsor",
                    "type": "custom"
                },
                {
                    "url": "https://github.com/fabpot",
                    "type": "github"
                },
                {
                    "url": "https://tidelift.com/funding/github/packagist/symfony/symfony",
                    "type": "tidelift"
                }
            ],
            "time": "2021-07-21T12:38:00+00:00"
        },
        {
            "name": "symfony/polyfill-php80",
            "version": "v1.23.1",
            "source": {
                "type": "git",
                "url": "https://github.com/symfony/polyfill-php80.git",
                "reference": "1100343ed1a92e3a38f9ae122fc0eb21602547be"
            },
            "dist": {
                "type": "zip",
                "url": "https://api.github.com/repos/symfony/polyfill-php80/zipball/1100343ed1a92e3a38f9ae122fc0eb21602547be",
                "reference": "1100343ed1a92e3a38f9ae122fc0eb21602547be",
                "shasum": ""
            },
            "require": {
                "php": ">=7.1"
            },
            "type": "library",
            "extra": {
                "branch-alias": {
                    "dev-main": "1.23-dev"
                },
                "thanks": {
                    "name": "symfony/polyfill",
                    "url": "https://github.com/symfony/polyfill"
                }
            },
            "autoload": {
                "psr-4": {
                    "Symfony\\Polyfill\\Php80\\": ""
                },
                "files": [
                    "bootstrap.php"
                ],
                "classmap": [
                    "Resources/stubs"
                ]
            },
            "notification-url": "https://packagist.org/downloads/",
            "license": [
                "MIT"
            ],
            "authors": [
                {
                    "name": "Ion Bazan",
                    "email": "ion.bazan@gmail.com"
                },
                {
                    "name": "Nicolas Grekas",
                    "email": "p@tchwork.com"
                },
                {
                    "name": "Symfony Community",
                    "homepage": "https://symfony.com/contributors"
                }
            ],
            "description": "Symfony polyfill backporting some PHP 8.0+ features to lower PHP versions",
            "homepage": "https://symfony.com",
            "keywords": [
                "compatibility",
                "polyfill",
                "portable",
                "shim"
            ],
            "support": {
                "source": "https://github.com/symfony/polyfill-php80/tree/v1.23.1"
            },
            "funding": [
                {
                    "url": "https://symfony.com/sponsor",
                    "type": "custom"
                },
                {
                    "url": "https://github.com/fabpot",
                    "type": "github"
                },
                {
                    "url": "https://tidelift.com/funding/github/packagist/symfony/symfony",
                    "type": "tidelift"
                }
            ],
            "time": "2021-07-28T13:41:28+00:00"
        }
    ],
    "packages-dev": [],
    "aliases": [],
    "minimum-stability": "stable",
    "stability-flags": [],
    "prefer-stable": false,
    "prefer-lowest": false,
    "platform": [],
    "platform-dev": [],
    "plugin-api-version": "2.1.0"
}
